
Microsoft Visual Studio Solution File, Format Version 12.00
# Visual Studio Version 17
VisualStudioVersion = 17.7.34221.43
MinimumVisualStudioVersion = 10.0.40219.1
Project("{FAE04EC0-301F-11D3-BF4B-00C04F79EFBC}") = "ConsoleApp1", "ConsoleApp1\ConsoleApp1.csproj", "{3ACCF89D-48F2-4C47-BDF0-56114492B804}"
EndProject
Global
	GlobalSection(SolutionConfigurationPlatforms) = preSolution
		Debug|Any CPU = Debug|Any CPU
		Release|Any CPU = Release|Any CPU
	EndGlobalSection
	GlobalSection(ProjectConfigurationPlatforms) = postSolution
		{3ACCF89D-48F2-4C47-BDF0-56114492B804}.Debug|Any CPU.ActiveCfg = Debug|Any CPU
		{3ACCF89D-48F2-4C47-BDF0-56114492B804}.Debug|Any CPU.Build.0 = Debug|Any CPU
		{3ACCF89D-48F2-4C47-BDF0-56114492B804}.Release|Any CPU.ActiveCfg = Release|Any CPU
		{3ACCF89D-48F2-4C47-BDF0-56114492B804}.Release|Any CPU.Build.0 = Release|Any CPU
	EndGlobalSection
	GlobalSection(SolutionProperties) = preSolution
		HideSolutionNode = FALSE
	EndGlobalSection
	GlobalSection(ExtensibilityGlobals) = postSolution
		SolutionGuid = {0D4A33C1-9487-4919-9A35-BCDFB355978C}
	EndGlobalSection
EndGlobal
